
Microsoft Visual Studio Solution File, Format Version 12.00
Project("{FAE04EC0-301F-11D3-BF4B-00C04F79EFBC}") = "Task8", "Task8\Task8.csproj", "{F1672F6C-7338-4412-9D10-2B127BBB6BBF}"
EndProject
Project("{FAE04EC0-301F-11D3-BF4B-00C04F79EFBC}") = "Task18", "Task18\Task18.csproj", "{0AC6E2F4-34EB-493B-A385-C1BEC083F5E3}"
EndProject
Project("{FAE04EC0-301F-11D3-BF4B-00C04F79EFBC}") = "Task38", "Task38\Task38.csproj", "{FEC79907-A595-408B-91DC-09557B394C9D}"
EndProject
Project("{FAE04EC0-301F-11D3-BF4B-00C04F79EFBC}") = "Task48", "Task48\Task48.csproj", "{0A3169CA-0221-4F72-BE0C-0CFE410B69A9}"
EndProject
Project("{FAE04EC0-301F-11D3-BF4B-00C04F79EFBC}") = "Task 68", "Task 68\Task 68.csproj", "{69C070DE-41D0-442F-B538-F28BF8FC3A7D}"
EndProject
Project("{FAE04EC0-301F-11D3-BF4B-00C04F79EFBC}") = "Task78", "Task78\Task78.csproj", "{89AEABA9-A3F3-493A-A4C2-DC4C59852CC6}"
EndProject
Global
	GlobalSection(SolutionConfigurationPlatforms) = preSolution
		Debug|Any CPU = Debug|Any CPU
		Release|Any CPU = Release|Any CPU
	EndGlobalSection
	GlobalSection(ProjectConfigurationPlatforms) = postSolution
		{F1672F6C-7338-4412-9D10-2B127BBB6BBF}.Debug|Any CPU.ActiveCfg = Debug|Any CPU
		{F1672F6C-7338-4412-9D10-2B127BBB6BBF}.Debug|Any CPU.Build.0 = Debug|Any CPU
		{F1672F6C-7338-4412-9D10-2B127BBB6BBF}.Release|Any CPU.ActiveCfg = Release|Any CPU
		{F1672F6C-7338-4412-9D10-2B127BBB6BBF}.Release|Any CPU.Build.0 = Release|Any CPU
		{0AC6E2F4-34EB-493B-A385-C1BEC083F5E3}.Debug|Any CPU.ActiveCfg = Debug|Any CPU
		{0AC6E2F4-34EB-493B-A385-C1BEC083F5E3}.Debug|Any CPU.Build.0 = Debug|Any CPU
		{0AC6E2F4-34EB-493B-A385-C1BEC083F5E3}.Release|Any CPU.ActiveCfg = Release|Any CPU
		{0AC6E2F4-34EB-493B-A385-C1BEC083F5E3}.Release|Any CPU.Build.0 = Release|Any CPU
		{FEC79907-A595-408B-91DC-09557B394C9D}.Debug|Any CPU.ActiveCfg = Debug|Any CPU
		{FEC79907-A595-408B-91DC-09557B394C9D}.Debug|Any CPU.Build.0 = Debug|Any CPU
		{FEC79907-A595-408B-91DC-09557B394C9D}.Release|Any CPU.ActiveCfg = Release|Any CPU
		{FEC79907-A595-408B-91DC-09557B394C9D}.Release|Any CPU.Build.0 = Release|Any CPU
		{0A3169CA-0221-4F72-BE0C-0CFE410B69A9}.Debug|Any CPU.ActiveCfg = Debug|Any CPU
		{0A3169CA-0221-4F72-BE0C-0CFE410B69A9}.Debug|Any CPU.Build.0 = Debug|Any CPU
		{0A3169CA-0221-4F72-BE0C-0CFE410B69A9}.Release|Any CPU.ActiveCfg = Release|Any CPU
		{0A3169CA-0221-4F72-BE0C-0CFE410B69A9}.Release|Any CPU.Build.0 = Release|Any CPU
		{69C070DE-41D0-442F-B538-F28BF8FC3A7D}.Debug|Any CPU.ActiveCfg = Debug|Any CPU
		{69C070DE-41D0-442F-B538-F28BF8FC3A7D}.Debug|Any CPU.Build.0 = Debug|Any CPU
		{69C070DE-41D0-442F-B538-F28BF8FC3A7D}.Release|Any CPU.ActiveCfg = Release|Any CPU
		{69C070DE-41D0-442F-B538-F28BF8FC3A7D}.Release|Any CPU.Build.0 = Release|Any CPU
		{89AEABA9-A3F3-493A-A4C2-DC4C59852CC6}.Debug|Any CPU.ActiveCfg = Debug|Any CPU
		{89AEABA9-A3F3-493A-A4C2-DC4C59852CC6}.Debug|Any CPU.Build.0 = Debug|Any CPU
		{89AEABA9-A3F3-493A-A4C2-DC4C59852CC6}.Release|Any CPU.ActiveCfg = Release|Any CPU
		{89AEABA9-A3F3-493A-A4C2-DC4C59852CC6}.Release|Any CPU.Build.0 = Release|Any CPU
	EndGlobalSection
EndGlobal
